// !$*UTF8*$!
{
	archiveVersion = 1;
	classes = {
	};
	objectVersion = 55;
	objects = {

/* Begin PBXBuildFile section */
		8165DB232889665F00794399 /* AppDelegate.swift in Sources */ = {isa = PBXBuildFile; fileRef = 8165DB222889665F00794399 /* AppDelegate.swift */; };
		8165DB252889665F00794399 /* SceneDelegate.swift in Sources */ = {isa = PBXBuildFile; fileRef = 8165DB242889665F00794399 /* SceneDelegate.swift */; };
		8165DB272889665F00794399 /* ViewController.swift in Sources */ = {isa = PBXBuildFile; fileRef = 8165DB262889665F00794399 /* ViewController.swift */; };
		8165DB2A2889665F00794399 /* Main.storyboard in Resources */ = {isa = PBXBuildFile; fileRef = 8165DB282889665F00794399 /* Main.storyboard */; };
		8165DB2C2889666000794399 /* Assets.xcassets in Resources */ = {isa = PBXBuildFile; fileRef = 8165DB2B2889666000794399 /* Assets.xcassets */; };
		8165DB2F2889666000794399 /* LaunchScreen.storyboard in Resources */ = {isa = PBXBuildFile; fileRef = 8165DB2D2889666000794399 /* LaunchScreen.storyboard */; };
		8165DB3A28897AF200794399 /* BitCoinManager.swift in Sources */ = {isa = PBXBuildFile; fileRef = 8165DB3928897AF200794399 /* BitCoinManager.swift */; };
		8190FA2B288ABFE20040A1EF /* BitCoinData.swift in Sources */ = {isa = PBXBuildFile; fileRef = 8190FA2A288ABFE20040A1EF /* BitCoinData.swift */; };
		8190FA2D288AC1E50040A1EF /* BitCoinModel.swift in Sources */ = {isa = PBXBuildFile; fileRef = 8190FA2C288AC1E50040A1EF /* BitCoinModel.swift */; };
/* End PBXBuildFile section */

/* Begin PBXFileReference section */
		8165DB1F2889665F00794399 /* ByteCoin.app */ = {isa = PBXFileReference; explicitFileType = wrapper.application; includeInIndex = 0; path = ByteCoin.app; sourceTree = BUILT_PRODUCTS_DIR; };
		8165DB222889665F00794399 /* AppDelegate.swift */ = {isa = PBXFileReference; lastKnownFileType = sourcecode.swift; path = AppDelegate.swift; sourceTree = "<group>"; };
		8165DB242889665F00794399 /* SceneDelegate.swift */ = {isa = PBXFileReference; lastKnownFileType = sourcecode.swift; path = SceneDelegate.swift; sourceTree = "<group>"; };
		8165DB262889665F00794399 /* ViewController.swift */ = {isa = PBXFileReference; lastKnownFileType = sourcecode.swift; path = ViewController.swift; sourceTree = "<group>"; };
		8165DB292889665F00794399 /* Base */ = {isa = PBXFileReference; lastKnownFileType = file.storyboard; name = Base; path = Base.lproj/Main.storyboard; sourceTree = "<group>"; };
		8165DB2B2889666000794399 /* Assets.xcassets */ = {isa = PBXFileReference; lastKnownFileType = folder.assetcatalog; path = Assets.xcassets; sourceTree = "<group>"; };
		8165DB2E2889666000794399 /* Base */ = {isa = PBXFileReference; lastKnownFileType = file.storyboard; name = Base; path = Base.lproj/LaunchScreen.storyboard; sourceTree = "<group>"; };
		8165DB302889666000794399 /* Info.plist */ = {isa = PBXFileReference; lastKnownFileType = text.plist.xml; path = Info.plist; sourceTree = "<group>"; };
		8165DB3928897AF200794399 /* BitCoinManager.swift */ = {isa = PBXFileReference; lastKnownFileType = sourcecode.swift; path = BitCoinManager.swift; sourceTree = "<group>"; };
		8190FA2A288ABFE20040A1EF /* BitCoinData.swift */ = {isa = PBXFileReference; lastKnownFileType = sourcecode.swift; path = BitCoinData.swift; sourceTree = "<group>"; };
		8190FA2C288AC1E50040A1EF /* BitCoinModel.swift */ = {isa = PBXFileReference; lastKnownFileType = sourcecode.swift; path = BitCoinModel.swift; sourceTree = "<group>"; };
/* End PBXFileReference section */

/* Begin PBXFrameworksBuildPhase section */
		8165DB1C2889665F00794399 /* Frameworks */ = {
			isa = PBXFrameworksBuildPhase;
			buildActionMask = 2147483647;
			files = (
			);
			runOnlyForDeploymentPostprocessing = 0;
		};
/* End PBXFrameworksBuildPhase section */

/* Begin PBXGroup section */
		8165DB162889665F00794399 = {
			isa = PBXGroup;
			children = (
				8165DB212889665F00794399 /* ByteCoin */,
				8165DB202889665F00794399 /* Products */,
			);
			sourceTree = "<group>";
		};
		8165DB202889665F00794399 /* Products */ = {
			isa = PBXGroup;
			children = (
				8165DB1F2889665F00794399 /* ByteCoin.app */,
			);
			name = Products;
			sourceTree = "<group>";
		};
		8165DB212889665F00794399 /* ByteCoin */ = {
			isa = PBXGroup;
			children = (
				8165DB222889665F00794399 /* AppDelegate.swift */,
				8165DB242889665F00794399 /* SceneDelegate.swift */,
				8165DB38288969C400794399 /* Controllers */,
				8165DB37288969BE00794399 /* Models */,
				8165DB36288969B700794399 /* View */,
				8165DB2B2889666000794399 /* Assets.xcassets */,
				8165DB2D2889666000794399 /* LaunchScreen.storyboard */,
				8165DB302889666000794399 /* Info.plist */,
			);
			path = ByteCoin;
			sourceTree = "<group>";
		};
		8165DB36288969B700794399 /* View */ = {
			isa = PBXGroup;
			children = (
				8165DB282889665F00794399 /* Main.storyboard */,
			);
			path = View;
			sourceTree = "<group>";
		};
		8165DB37288969BE00794399 /* Models */ = {
			isa = PBXGroup;
			children = (
				8165DB3928897AF200794399 /* BitCoinManager.swift */,
				8190FA2A288ABFE20040A1EF /* BitCoinData.swift */,
				8190FA2C288AC1E50040A1EF /* BitCoinModel.swift */,
			);
			path = Models;
			sourceTree = "<group>";
		};
		8165DB38288969C400794399 /* Controllers */ = {
			isa = PBXGroup;
			children = (
				8165DB262889665F00794399 /* ViewController.swift */,
			);
			path = Controllers;
			sourceTree = "<group>";
		};
/* End PBXGroup section */

/* Begin PBXNativeTarget section */
		8165DB1E2889665F00794399 /* ByteCoin */ = {
			isa = PBXNativeTarget;
			buildConfigurationList = 8165DB332889666000794399 /* Build configuration list for PBXNativeTarget "ByteCoin" */;
			buildPhases = (
				8165DB1B2889665F00794399 /* Sources */,
				8165DB1C2889665F00794399 /* Frameworks */,
				8165DB1D2889665F00794399 /* Resources */,
			);
			buildRules = (
			);
			dependencies = (
			);
			name = ByteCoin;
			productName = ByteCoin;
			productReference = 8165DB1F2889665F00794399 /* ByteCoin.app */;
			productType = "com.apple.product-type.application";
		};
/* End PBXNativeTarget section */

/* Begin PBXProject section */
		8165DB172889665F00794399 /* Project object */ = {
			isa = PBXProject;
			attributes = {
				BuildIndependentTargetsInParallel = 1;
				LastSwiftUpdateCheck = 1340;
				LastUpgradeCheck = 1340;
				TargetAttributes = {
					8165DB1E2889665F00794399 = {
						CreatedOnToolsVersion = 13.4.1;
					};
				};
			};
			buildConfigurationList = 8165DB1A2889665F00794399 /* Build configuration list for PBXProject "ByteCoin" */;
			compatibilityVersion = "Xcode 13.0";
			developmentRegion = en;
			hasScannedForEncodings = 0;
			knownRegions = (
				en,
				Base,
			);
			mainGroup = 8165DB162889665F00794399;
			productRefGroup = 8165DB202889665F00794399 /* Products */;
			projectDirPath = "";
			projectRoot = "";
			targets = (
				8165DB1E2889665F00794399 /* ByteCoin */,
			);
		};
/* End PBXProject section */

/* Begin PBXResourcesBuildPhase section */
		8165DB1D2889665F00794399 /* Resources */ = {
			isa = PBXResourcesBuildPhase;
			buildActionMask = 2147483647;
			files = (
				8165DB2F2889666000794399 /* LaunchScreen.storyboard in Resources */,
				8165DB2C2889666000794399 /* Assets.xcassets in Resources */,
				8165DB2A2889665F00794399 /* Main.storyboard in Resources */,
			);
			runOnlyForDeploymentPostprocessing = 0;
		};
/* End PBXResourcesBuildPhase section */

/* Begin PBXSourcesBuildPhase section */
		8165DB1B2889665F00794399 /* Sources */ = {
			isa = PBXSourcesBuildPhase;
			buildActionMask = 2147483647;
			files = (
				8190FA2D288AC1E50040A1EF /* BitCoinModel.swift in Sources */,
				8165DB272889665F00794399 /* ViewController.swift in Sources */,
				8190FA2B288ABFE20040A1EF /* BitCoinData.swift in Sources */,
				8165DB232889665F00794399 /* AppDelegate.swift in Sources */,
				8165DB3A28897AF200794399 /* BitCoinManager.swift in Sources */,
				8165DB252889665F00794399 /* SceneDelegate.swift in Sources */,
			);
			runOnlyForDeploymentPostprocessing = 0;
		};
/* End PBXSourcesBuildPhase section */

/* Begin PBXVariantGroup section */
		8165DB282889665F00794399 /* Main.storyboard */ = {
			isa = PBXVariantGroup;
			children = (
				8165DB292889665F00794399 /* Base */,
			);
			name = Main.storyboard;
			sourceTree = "<group>";
		};
		8165DB2D2889666000794399 /* LaunchScreen.storyboard */ = {
			isa = PBXVariantGroup;
			children = (
				8165DB2E2889666000794399 /* Base */,
			);
			name = LaunchScreen.storyboard;
			sourceTree = "<group>";
		};
/* End PBXVariantGroup section */

/* Begin XCBuildConfiguration section */
		8165DB312889666000794399 /* Debug */ = {
			isa = XCBuildConfiguration;
			buildSettings = {
				ALWAYS_SEARCH_USER_PATHS = NO;
				CLANG_ANALYZER_NONNULL = YES;
				CLANG_ANALYZER_NUMBER_OBJECT_CONVERSION = YES_AGGRESSIVE;
				CLANG_CXX_LANGUAGE_STANDARD = "gnu++17";
				CLANG_ENABLE_MODULES = YES;
				CLANG_ENABLE_OBJC_ARC = YES;
				CLANG_ENABLE_OBJC_WEAK = YES;
				CLANG_WARN_BLOCK_CAPTURE_AUTORELEASING = YES;
				CLANG_WARN_BOOL_CONVERSION = YES;
				CLANG_WARN_COMMA = YES;
				CLANG_WARN_CONSTANT_CONVERSION = YES;
				CLANG_WARN_DEPRECATED_OBJC_IMPLEMENTATIONS = YES;
				CLANG_WARN_DIRECT_OBJC_ISA_USAGE = YES_ERROR;
				CLANG_WARN_DOCUMENTATION_COMMENTS = YES;
				CLANG_WARN_EMPTY_BODY = YES;
				CLANG_WARN_ENUM_CONVERSION = YES;
				CLANG_WARN_INFINITE_RECURSION = YES;
				CLANG_WARN_INT_CONVERSION = YES;
				CLANG_WARN_NON_LITERAL_NULL_CONVERSION = YES;
				CLANG_WARN_OBJC_IMPLICIT_RETAIN_SELF = YES;
				CLANG_WARN_OBJC_LITERAL_CONVERSION = YES;
				CLANG_WARN_OBJC_ROOT_CLASS = YES_ERROR;
				CLANG_WARN_QUOTED_INCLUDE_IN_FRAMEWORK_HEADER = YES;
				CLANG_WARN_RANGE_LOOP_ANALYSIS = YES;
				CLANG_WARN_STRICT_PROTOTYPES = YES;
				CLANG_WARN_SUSPICIOUS_MOVE = YES;
				CLANG_WARN_UNGUARDED_AVAILABILITY = YES_AGGRESSIVE;
				CLANG_WARN_UNREACHABLE_CODE = YES;
				CLANG_WARN__DUPLICATE_METHOD_MATCH = YES;
				COPY_PHASE_STRIP = NO;
				DEBUG_INFORMATION_FORMAT = dwarf;
				ENABLE_STRICT_OBJC_MSGSEND = YES;
				ENABLE_TESTABILITY = YES;
				GCC_C_LANGUAGE_STANDARD = gnu11;
				GCC_DYNAMIC_NO_PIC = NO;
				GCC_NO_COMMON_BLOCKS = YES;
				GCC_OPTIMIZATION_LEVEL = 0;
				GCC_PREPROCESSOR_DEFINITIONS = (
					"DEBUG=1",
					"$(inherited)",
				);
				GCC_WARN_64_TO_32_BIT_CONVERSION = YES;
				GCC_WARN_ABOUT_RETURN_TYPE = YES_ERROR;
				GCC_WARN_UNDECLARED_SELECTOR = YES;
				GCC_WARN_UNINITIALIZED_AUTOS = YES_AGGRESSIVE;
				GCC_WARN_UNUSED_FUNCTION = YES;
				GCC_WARN_UNUSED_VARIABLE = YES;
				IPHONEOS_DEPLOYMENT_TARGET = 15.5;
				MTL_ENABLE_DEBUG_INFO = INCLUDE_SOURCE;
				MTL_FAST_MATH = YES;
				ONLY_ACTIVE_ARCH = YES;
				SDKROOT = iphoneos;
				SWIFT_ACTIVE_COMPILATION_CONDITIONS = DEBUG;
				SWIFT_OPTIMIZATION_LEVEL = "-Onone";
			};
			name = Debug;
		};
		8165DB322889666000794399 /* Release */ = {
			isa = XCBuildConfiguration;
			buildSettings = {
				ALWAYS_SEARCH_USER_PATHS = NO;
				CLANG_ANALYZER_NONNULL = YES;
				CLANG_ANALYZER_NUMBER_OBJECT_CONVERSION = YES_AGGRESSIVE;
				CLANG_CXX_LANGUAGE_STANDARD = "gnu++17";
				CLANG_ENABLE_MODULES = YES;
				CLANG_ENABLE_OBJC_ARC = YES;
				CLANG_ENABLE_OBJC_WEAK = YES;
				CLANG_WARN_BLOCK_CAPTURE_AUTORELEASING = YES;
				CLANG_WARN_BOOL_CONVERSION = YES;
				CLANG_WARN_COMMA = YES;
				CLANG_WARN_CONSTANT_CONVERSION = YES;
				CLANG_WARN_DEPRECATED_OBJC_IMPLEMENTATIONS = YES;
				CLANG_WARN_DIRECT_OBJC_ISA_USAGE = YES_ERROR;
				CLANG_WARN_DOCUMENTATION_COMMENTS = YES;
				CLANG_WARN_EMPTY_BODY = YES;
				CLANG_WARN_ENUM_CONVERSION = YES;
				CLANG_WARN_INFINITE_RECURSION = YES;
				CLANG_WARN_INT_CONVERSION = YES;
				CLANG_WARN_NON_LITERAL_NULL_CONVERSION = YES;
				CLANG_WARN_OBJC_IMPLICIT_RETAIN_SELF = YES;
				CLANG_WARN_OBJC_LITERAL_CONVERSION = YES;
				CLANG_WARN_OBJC_ROOT_CLASS = YES_ERROR;
				CLANG_WARN_QUOTED_INCLUDE_IN_FRAMEWORK_HEADER = YES;
				CLANG_WARN_RANGE_LOOP_ANALYSIS = YES;
				CLANG_WARN_STRICT_PROTOTYPES = YES;
				CLANG_WARN_SUSPICIOUS_MOVE = YES;
				CLANG_WARN_UNGUARDED_AVAILABILITY = YES_AGGRESSIVE;
				CLANG_WARN_UNREACHABLE_CODE = YES;
				CLANG_WARN__DUPLICATE_METHOD_MATCH = YES;
				COPY_PHASE_STRIP = NO;
				DEBUG_INFORMATION_FORMAT = "dwarf-with-dsym";
				ENABLE_NS_ASSERTIONS = NO;
				ENABLE_STRICT_OBJC_MSGSEND = YES;
				GCC_C_LANGUAGE_STANDARD = gnu11;
				GCC_NO_COMMON_BLOCKS = YES;
				GCC_WARN_64_TO_32_BIT_CONVERSION = YES;
				GCC_WARN_ABOUT_RETURN_TYPE = YES_ERROR;
				GCC_WARN_UNDECLARED_SELECTOR = YES;
				GCC_WARN_UNINITIALIZED_AUTOS = YES_AGGRESSIVE;
				GCC_WARN_UNUSED_FUNCTION = YES;
				GCC_WARN_UNUSED_VARIABLE = YES;
				IPHONEOS_DEPLOYMENT_TARGET = 15.5;
				MTL_ENABLE_DEBUG_INFO = NO;
				MTL_FAST_MATH = YES;
				SDKROOT = iphoneos;
				SWIFT_COMPILATION_MODE = wholemodule;
				SWIFT_OPTIMIZATION_LEVEL = "-O";
				VALIDATE_PRODUCT = YES;
			};
			name = Release;
		};
		8165DB342889666000794399 /* Debug */ = {
			isa = XCBuildConfiguration;
			buildSettings = {
				ASSETCATALOG_COMPILER_APPICON_NAME = AppIcon;
				ASSETCATALOG_COMPILER_GLOBAL_ACCENT_COLOR_NAME = AccentColor;
				CODE_SIGN_STYLE = Automatic;
				CURRENT_PROJECT_VERSION = 1;
				GENERATE_INFOPLIST_FILE = YES;
				INFOPLIST_FILE = ByteCoin/Info.plist;
				INFOPLIST_KEY_UIApplicationSupportsIndirectInputEvents = YES;
				INFOPLIST_KEY_UILaunchStoryboardName = LaunchScreen;
				INFOPLIST_KEY_UIMainStoryboardFile = Main;
				INFOPLIST_KEY_UISupportedInterfaceOrientations_iPad = "UIInterfaceOrientationPortrait UIInterfaceOrientationPortraitUpsideDown UIInterfaceOrientationLandscapeLeft UIInterfaceOrientationLandscapeRight";
				INFOPLIST_KEY_UISupportedInterfaceOrientations_iPhone = "UIInterfaceOrientationPortrait UIInterfaceOrientationLandscapeLeft UIInterfaceOrientationLandscapeRight";
				LD_RUNPATH_SEARCH_PATHS = (
					"$(inherited)",
					"@executable_path/Frameworks",
				);
				MARKETING_VERSION = 1.0;
				PRODUCT_BUNDLE_IDENTIFIER = com.kvm.ByteCoin;
				PRODUCT_NAME = "$(TARGET_NAME)";
				SWIFT_EMIT_LOC_STRINGS = YES;
				SWIFT_VERSION = 5.0;
				TARGETED_DEVICE_FAMILY = "1,2";
			};
			name = Debug;
		};
		8165DB352889666000794399 /* Release */ = {
			isa = XCBuildConfiguration;
			buildSettings = {
				ASSETCATALOG_COMPILER_APPICON_NAME = AppIcon;
				ASSETCATALOG_COMPILER_GLOBAL_ACCENT_COLOR_NAME = AccentColor;
				CODE_SIGN_STYLE = Automatic;
				CURRENT_PROJECT_VERSION = 1;
				GENERATE_INFOPLIST_FILE = YES;
				INFOPLIST_FILE = ByteCoin/Info.plist;
				INFOPLIST_KEY_UIApplicationSupportsIndirectInputEvents = YES;
				INFOPLIST_KEY_UILaunchStoryboardName = LaunchScreen;
				INFOPLIST_KEY_UIMainStoryboardFile = Main;
				INFOPLIST_KEY_UISupportedInterfaceOrientations_iPad = "UIInterfaceOrientationPortrait UIInterfaceOrientationPortraitUpsideDown UIInterfaceOrientationLandscapeLeft UIInterfaceOrientationLandscapeRight";
				INFOPLIST_KEY_UISupportedInterfaceOrientations_iPhone = "UIInterfaceOrientationPortrait UIInterfaceOrientationLandscapeLeft UIInterfaceOrientationLandscapeRight";
				LD_RUNPATH_SEARCH_PATHS = (
					"$(inherited)",
					"@executable_path/Frameworks",
				);
				MARKETING_VERSION = 1.0;
				PRODUCT_BUNDLE_IDENTIFIER = com.kvm.ByteCoin;
				PRODUCT_NAME = "$(TARGET_NAME)";
				SWIFT_EMIT_LOC_STRINGS = YES;
				SWIFT_VERSION = 5.0;
				TARGETED_DEVICE_FAMILY = "1,2";
			};
			name = Release;
		};
/* End XCBuildConfiguration section */

/* Begin XCConfigurationList section */
		8165DB1A2889665F00794399 /* Build configuration list for PBXProject "ByteCoin" */ = {
			isa = XCConfigurationList;
			buildConfigurations = (
				8165DB312889666000794399 /* Debug */,
				8165DB322889666000794399 /* Release */,
			);
			defaultConfigurationIsVisible = 0;
			defaultConfigurationName = Release;
		};
		8165DB332889666000794399 /* Build configuration list for PBXNativeTarget "ByteCoin" */ = {
			isa = XCConfigurationList;
			buildConfigurations = (
				8165DB342889666000794399 /* Debug */,
				8165DB352889666000794399 /* Release */,
			);
			defaultConfigurationIsVisible = 0;
			defaultConfigurationName = Release;
		};
/* End XCConfigurationList section */
	};
	rootObject = 8165DB172889665F00794399 /* Project object */;
}
